
Microsoft Visual Studio Solution File, Format Version 12.00
# Visual Studio Version 17
VisualStudioVersion = 17.14.37012.4 d17.14
MinimumVisualStudioVersion = 10.0.40219.1
Project("{2150E333-8FDC-42A3-9474-1A3956D46DE8}") = "src", "src", "{11111111-1111-1111-1111-111111111111}"
EndProject
Project("{2150E333-8FDC-42A3-9474-1A3956D46DE8}") = "tests", "tests", "{22222222-2222-2222-2222-222222222222}"
EndProject
Project("{2150E333-8FDC-42A3-9474-1A3956D46DE8}") = "Personas", "Personas", "{33333333-3333-3333-3333-333333333333}"
EndProject
Project("{2150E333-8FDC-42A3-9474-1A3956D46DE8}") = "Citas", "Citas", "{44444444-4444-4444-4444-444444444444}"
EndProject
Project("{2150E333-8FDC-42A3-9474-1A3956D46DE8}") = "Recetas", "Recetas", "{55555555-5555-5555-5555-555555555555}"
EndProject
Project("{FAE04EC0-301F-11D3-BF4B-00C04F79EFBC}") = "Recetas.Domain", "src\Recetas\Recetas.Domain\Recetas.Domain.csproj", "{A1B2C3D4-5E6F-7A8B-9C0D-1E2F3A4B5C6D}"
EndProject
Project("{FAE04EC0-301F-11D3-BF4B-00C04F79EFBC}") = "Citas.Tests", "tests\Citas.Tests\Citas.Tests.csproj", "{9A8B7C6D-5E4F-3A2B-1C0D-9E8F7A6B5C4D}"
EndProject
Project("{FAE04EC0-301F-11D3-BF4B-00C04F79EFBC}") = "Citas.API", "src\Citas\Citas.API\Citas.API.csproj", "{96BB296C-D341-4DDC-89A4-38E65373C49E}"
EndProject
Project("{FAE04EC0-301F-11D3-BF4B-00C04F79EFBC}") = "Recetas.Application", "src\Recetas\Recetas.Application\Recetas.Application.csproj", "{B2C3D4E5-6F7A-8B9C-0D1E-2F3A4B5C6D7E}"
EndProject
Project("{FAE04EC0-301F-11D3-BF4B-00C04F79EFBC}") = "Recetas.Tests", "tests\Recetas.Tests\Recetas.Tests.csproj", "{8D7E6F5A-4B3C-2A1D-9E0F-1B2C3D4E5F6A}"
EndProject
Project("{FAE04EC0-301F-11D3-BF4B-00C04F79EFBC}") = "Recetas.API", "src\Recetas\Recetas.API\Recetas.API.csproj", "{EF2C2913-4260-487E-8E69-F2835A9B0C3A}"
EndProject
Project("{FAE04EC0-301F-11D3-BF4B-00C04F79EFBC}") = "Recetas.Infrastructure", "src\Recetas\Recetas.Infrastructure\Recetas.Infrastructure.csproj", "{C3D4E5F6-7A8B-9C0D-1E2F-3A4B5C6D7E8F}"
EndProject
Project("{FAE04EC0-301F-11D3-BF4B-00C04F79EFBC}") = "Citas.Infrastructure", "src\Citas\Citas.Infrastructure\Citas.Infrastructure.csproj", "{F1A2B3C4-6D7E-4F8A-9B0C-3D4E5F6A7B8C}"
EndProject
Project("{FAE04EC0-301F-11D3-BF4B-00C04F79EFBC}") = "Personas.Infrastructure", "src\Personas\Personas.Infrastructure\Personas.Infrastructure.csproj", "{4F3B2953-116F-4AD3-8638-14EBC079615D}"
EndProject
Project("{FAE04EC0-301F-11D3-BF4B-00C04F79EFBC}") = "Personas.Application", "src\Personas\Personas.Application\Personas.Application.csproj", "{E88AF536-543D-4AA8-9564-90C1111C4F47}"
EndProject
Project("{FAE04EC0-301F-11D3-BF4B-00C04F79EFBC}") = "Personas.Domain", "src\Personas\Personas.Domain\Personas.Domain.csproj", "{CFB988DF-BFF0-491C-8A47-1233460DB03A}"
EndProject
Project("{FAE04EC0-301F-11D3-BF4B-00C04F79EFBC}") = "Personas.API", "src\Personas\Personas.API\Personas.API.csproj", "{E2D80E45-A416-47E6-8480-768A28817DD4}"
EndProject
Project("{FAE04EC0-301F-11D3-BF4B-00C04F79EFBC}") = "Citas.Application", "src\Citas\Citas.Application\Citas.Application.csproj", "{E9A2B3C4-5D6F-4E7A-9B8C-2D3E4F5A6B7C}"
EndProject
Project("{FAE04EC0-301F-11D3-BF4B-00C04F79EFBC}") = "Citas.Domain", "src\Citas\Citas.Domain\Citas.Domain.csproj", "{D8F3E1B2-4C5A-4D6E-8F7A-1B2C3D4E5F6A}"
EndProject
Project("{FAE04EC0-301F-11D3-BF4B-00C04F79EFBC}") = "Personas.Pruebas", "tests\Personas.Pruebas\Personas.Pruebas.csproj", "{8F7E9C4A-1B2D-4E3F-9A5C-7D8E9F1A2B3C}"
EndProject
Global
	GlobalSection(SolutionConfigurationPlatforms) = preSolution
		Debug|Any CPU = Debug|Any CPU
		Release|Any CPU = Release|Any CPU
	EndGlobalSection
	GlobalSection(ProjectConfigurationPlatforms) = postSolution
		{A1B2C3D4-5E6F-7A8B-9C0D-1E2F3A4B5C6D}.Debug|Any CPU.ActiveCfg = Debug|Any CPU
		{A1B2C3D4-5E6F-7A8B-9C0D-1E2F3A4B5C6D}.Debug|Any CPU.Build.0 = Debug|Any CPU
		{A1B2C3D4-5E6F-7A8B-9C0D-1E2F3A4B5C6D}.Release|Any CPU.ActiveCfg = Release|Any CPU
		{A1B2C3D4-5E6F-7A8B-9C0D-1E2F3A4B5C6D}.Release|Any CPU.Build.0 = Release|Any CPU
		{9A8B7C6D-5E4F-3A2B-1C0D-9E8F7A6B5C4D}.Debug|Any CPU.ActiveCfg = Debug|Any CPU
		{9A8B7C6D-5E4F-3A2B-1C0D-9E8F7A6B5C4D}.Debug|Any CPU.Build.0 = Debug|Any CPU
		{9A8B7C6D-5E4F-3A2B-1C0D-9E8F7A6B5C4D}.Release|Any CPU.ActiveCfg = Release|Any CPU
		{9A8B7C6D-5E4F-3A2B-1C0D-9E8F7A6B5C4D}.Release|Any CPU.Build.0 = Release|Any CPU
		{96BB296C-D341-4DDC-89A4-38E65373C49E}.Debug|Any CPU.ActiveCfg = Debug|Any CPU
		{96BB296C-D341-4DDC-89A4-38E65373C49E}.Debug|Any CPU.Build.0 = Debug|Any CPU
		{96BB296C-D341-4DDC-89A4-38E65373C49E}.Release|Any CPU.ActiveCfg = Release|Any CPU
		{96BB296C-D341-4DDC-89A4-38E65373C49E}.Release|Any CPU.Build.0 = Release|Any CPU
		{B2C3D4E5-6F7A-8B9C-0D1E-2F3A4B5C6D7E}.Debug|Any CPU.ActiveCfg = Debug|Any CPU
		{B2C3D4E5-6F7A-8B9C-0D1E-2F3A4B5C6D7E}.Debug|Any CPU.Build.0 = Debug|Any CPU
		{B2C3D4E5-6F7A-8B9C-0D1E-2F3A4B5C6D7E}.Release|Any CPU.ActiveCfg = Release|Any CPU
		{B2C3D4E5-6F7A-8B9C-0D1E-2F3A4B5C6D7E}.Release|Any CPU.Build.0 = Release|Any CPU
		{8D7E6F5A-4B3C-2A1D-9E0F-1B2C3D4E5F6A}.Debug|Any CPU.ActiveCfg = Debug|Any CPU
		{8D7E6F5A-4B3C-2A1D-9E0F-1B2C3D4E5F6A}.Debug|Any CPU.Build.0 = Debug|Any CPU
		{8D7E6F5A-4B3C-2A1D-9E0F-1B2C3D4E5F6A}.Release|Any CPU.ActiveCfg = Release|Any CPU
		{8D7E6F5A-4B3C-2A1D-9E0F-1B2C3D4E5F6A}.Release|Any CPU.Build.0 = Release|Any CPU
		{EF2C2913-4260-487E-8E69-F2835A9B0C3A}.Debug|Any CPU.ActiveCfg = Debug|Any CPU
		{EF2C2913-4260-487E-8E69-F2835A9B0C3A}.Debug|Any CPU.Build.0 = Debug|Any CPU
		{EF2C2913-4260-487E-8E69-F2835A9B0C3A}.Release|Any CPU.ActiveCfg = Release|Any CPU
		{EF2C2913-4260-487E-8E69-F2835A9B0C3A}.Release|Any CPU.Build.0 = Release|Any CPU
		{C3D4E5F6-7A8B-9C0D-1E2F-3A4B5C6D7E8F}.Debug|Any CPU.ActiveCfg = Debug|Any CPU
		{C3D4E5F6-7A8B-9C0D-1E2F-3A4B5C6D7E8F}.Debug|Any CPU.Build.0 = Debug|Any CPU
		{C3D4E5F6-7A8B-9C0D-1E2F-3A4B5C6D7E8F}.Release|Any CPU.ActiveCfg = Release|Any CPU
		{C3D4E5F6-7A8B-9C0D-1E2F-3A4B5C6D7E8F}.Release|Any CPU.Build.0 = Release|Any CPU
		{F1A2B3C4-6D7E-4F8A-9B0C-3D4E5F6A7B8C}.Debug|Any CPU.ActiveCfg = Debug|Any CPU
		{F1A2B3C4-6D7E-4F8A-9B0C-3D4E5F6A7B8C}.Debug|Any CPU.Build.0 = Debug|Any CPU
		{F1A2B3C4-6D7E-4F8A-9B0C-3D4E5F6A7B8C}.Release|Any CPU.ActiveCfg = Release|Any CPU
		{F1A2B3C4-6D7E-4F8A-9B0C-3D4E5F6A7B8C}.Release|Any CPU.Build.0 = Release|Any CPU
		{4F3B2953-116F-4AD3-8638-14EBC079615D}.Debug|Any CPU.ActiveCfg = Debug|Any CPU
		{4F3B2953-116F-4AD3-8638-14EBC079615D}.Debug|Any CPU.Build.0 = Debug|Any CPU
		{4F3B2953-116F-4AD3-8638-14EBC079615D}.Release|Any CPU.ActiveCfg = Release|Any CPU
		{4F3B2953-116F-4AD3-8638-14EBC079615D}.Release|Any CPU.Build.0 = Release|Any CPU
		{E88AF536-543D-4AA8-9564-90C1111C4F47}.Debug|Any CPU.ActiveCfg = Debug|Any CPU
		{E88AF536-543D-4AA8-9564-90C1111C4F47}.Debug|Any CPU.Build.0 = Debug|Any CPU
		{E88AF536-543D-4AA8-9564-90C1111C4F47}.Release|Any CPU.ActiveCfg = Release|Any CPU
		{E88AF536-543D-4AA8-9564-90C1111C4F47}.Release|Any CPU.Build.0 = Release|Any CPU
		{CFB988DF-BFF0-491C-8A47-1233460DB03A}.Debug|Any CPU.ActiveCfg = Debug|Any CPU
		{CFB988DF-BFF0-491C-8A47-1233460DB03A}.Debug|Any CPU.Build.0 = Debug|Any CPU
		{CFB988DF-BFF0-491C-8A47-1233460DB03A}.Release|Any CPU.ActiveCfg = Release|Any CPU
		{CFB988DF-BFF0-491C-8A47-1233460DB03A}.Release|Any CPU.Build.0 = Release|Any CPU
		{E2D80E45-A416-47E6-8480-768A28817DD4}.Debug|Any CPU.ActiveCfg = Debug|Any CPU
		{E2D80E45-A416-47E6-8480-768A28817DD4}.Debug|Any CPU.Build.0 = Debug|Any CPU
		{E2D80E45-A416-47E6-8480-768A28817DD4}.Release|Any CPU.ActiveCfg = Release|Any CPU
		{E2D80E45-A416-47E6-8480-768A28817DD4}.Release|Any CPU.Build.0 = Release|Any CPU
		{E9A2B3C4-5D6F-4E7A-9B8C-2D3E4F5A6B7C}.Debug|Any CPU.ActiveCfg = Debug|Any CPU
		{E9A2B3C4-5D6F-4E7A-9B8C-2D3E4F5A6B7C}.Debug|Any CPU.Build.0 = Debug|Any CPU
		{E9A2B3C4-5D6F-4E7A-9B8C-2D3E4F5A6B7C}.Release|Any CPU.ActiveCfg = Release|Any CPU
		{E9A2B3C4-5D6F-4E7A-9B8C-2D3E4F5A6B7C}.Release|Any CPU.Build.0 = Release|Any CPU
		{D8F3E1B2-4C5A-4D6E-8F7A-1B2C3D4E5F6A}.Debug|Any CPU.ActiveCfg = Debug|Any CPU
		{D8F3E1B2-4C5A-4D6E-8F7A-1B2C3D4E5F6A}.Debug|Any CPU.Build.0 = Debug|Any CPU
		{D8F3E1B2-4C5A-4D6E-8F7A-1B2C3D4E5F6A}.Release|Any CPU.ActiveCfg = Release|Any CPU
		{D8F3E1B2-4C5A-4D6E-8F7A-1B2C3D4E5F6A}.Release|Any CPU.Build.0 = Release|Any CPU
		{8F7E9C4A-1B2D-4E3F-9A5C-7D8E9F1A2B3C}.Debug|Any CPU.ActiveCfg = Debug|Any CPU
		{8F7E9C4A-1B2D-4E3F-9A5C-7D8E9F1A2B3C}.Debug|Any CPU.Build.0 = Debug|Any CPU
		{8F7E9C4A-1B2D-4E3F-9A5C-7D8E9F1A2B3C}.Release|Any CPU.ActiveCfg = Release|Any CPU
		{8F7E9C4A-1B2D-4E3F-9A5C-7D8E9F1A2B3C}.Release|Any CPU.Build.0 = Release|Any CPU
	EndGlobalSection
	GlobalSection(SolutionProperties) = preSolution
		HideSolutionNode = FALSE
	EndGlobalSection
	GlobalSection(NestedProjects) = preSolution
		{33333333-3333-3333-3333-333333333333} = {11111111-1111-1111-1111-111111111111}
		{44444444-4444-4444-4444-444444444444} = {11111111-1111-1111-1111-111111111111}
		{55555555-5555-5555-5555-555555555555} = {11111111-1111-1111-1111-111111111111}
		{A1B2C3D4-5E6F-7A8B-9C0D-1E2F3A4B5C6D} = {55555555-5555-5555-5555-555555555555}
		{9A8B7C6D-5E4F-3A2B-1C0D-9E8F7A6B5C4D} = {22222222-2222-2222-2222-222222222222}
		{96BB296C-D341-4DDC-89A4-38E65373C49E} = {44444444-4444-4444-4444-444444444444}
		{B2C3D4E5-6F7A-8B9C-0D1E-2F3A4B5C6D7E} = {55555555-5555-5555-5555-555555555555}
		{8D7E6F5A-4B3C-2A1D-9E0F-1B2C3D4E5F6A} = {22222222-2222-2222-2222-222222222222}
		{EF2C2913-4260-487E-8E69-F2835A9B0C3A} = {55555555-5555-5555-5555-555555555555}
		{C3D4E5F6-7A8B-9C0D-1E2F-3A4B5C6D7E8F} = {55555555-5555-5555-5555-555555555555}
		{F1A2B3C4-6D7E-4F8A-9B0C-3D4E5F6A7B8C} = {44444444-4444-4444-4444-444444444444}
		{4F3B2953-116F-4AD3-8638-14EBC079615D} = {33333333-3333-3333-3333-333333333333}
		{E88AF536-543D-4AA8-9564-90C1111C4F47} = {33333333-3333-3333-3333-333333333333}
		{CFB988DF-BFF0-491C-8A47-1233460DB03A} = {33333333-3333-3333-3333-333333333333}
		{E2D80E45-A416-47E6-8480-768A28817DD4} = {33333333-3333-3333-3333-333333333333}
		{E9A2B3C4-5D6F-4E7A-9B8C-2D3E4F5A6B7C} = {44444444-4444-4444-4444-444444444444}
		{D8F3E1B2-4C5A-4D6E-8F7A-1B2C3D4E5F6A} = {44444444-4444-4444-4444-444444444444}
		{8F7E9C4A-1B2D-4E3F-9A5C-7D8E9F1A2B3C} = {22222222-2222-2222-2222-222222222222}
	EndGlobalSection
EndGlobal
